
Microsoft Visual Studio Solution File, Format Version 12.00
# Visual Studio 15
VisualStudioVersion = 15.0.27703.2035
MinimumVisualStudioVersion = 10.0.40219.1
Project("{FAE04EC0-301F-11D3-BF4B-00C04F79EFBC}") = "MyUniqueListExceptions", "MyUniqueListExceptions\MyUniqueListExceptions.csproj", "{B1CB4CCC-4975-4E15-A6B6-85993EC296AF}"
EndProject
Global
	GlobalSection(SolutionConfigurationPlatforms) = preSolution
		Debug|Any CPU = Debug|Any CPU
		Release|Any CPU = Release|Any CPU
	EndGlobalSection
	GlobalSection(ProjectConfigurationPlatforms) = postSolution
		{B1CB4CCC-4975-4E15-A6B6-85993EC296AF}.Debug|Any CPU.ActiveCfg = Debug|Any CPU
		{B1CB4CCC-4975-4E15-A6B6-85993EC296AF}.Debug|Any CPU.Build.0 = Debug|Any CPU
		{B1CB4CCC-4975-4E15-A6B6-85993EC296AF}.Release|Any CPU.ActiveCfg = Release|Any CPU
		{B1CB4CCC-4975-4E15-A6B6-85993EC296AF}.Release|Any CPU.Build.0 = Release|Any CPU
	EndGlobalSection
	GlobalSection(SolutionProperties) = preSolution
		HideSolutionNode = FALSE
	EndGlobalSection
	GlobalSection(ExtensibilityGlobals) = postSolution
		SolutionGuid = {DEECB391-2DBA-42C5-82CB-AE527C586B95}
	EndGlobalSection
EndGlobal
