
Microsoft Visual Studio Solution File, Format Version 12.00
# Visual Studio 15
VisualStudioVersion = 15.0.27004.2006
MinimumVisualStudioVersion = 10.0.40219.1
Project("{FAE04EC0-301F-11D3-BF4B-00C04F79EFBC}") = "question4", "question4\question4.csproj", "{E4196D12-FA9D-4767-B514-481B3B8750C8}"
EndProject
Global
	GlobalSection(SolutionConfigurationPlatforms) = preSolution
		Debug|Any CPU = Debug|Any CPU
		Release|Any CPU = Release|Any CPU
	EndGlobalSection
	GlobalSection(ProjectConfigurationPlatforms) = postSolution
		{E4196D12-FA9D-4767-B514-481B3B8750C8}.Debug|Any CPU.ActiveCfg = Debug|Any CPU
		{E4196D12-FA9D-4767-B514-481B3B8750C8}.Debug|Any CPU.Build.0 = Debug|Any CPU
		{E4196D12-FA9D-4767-B514-481B3B8750C8}.Release|Any CPU.ActiveCfg = Release|Any CPU
		{E4196D12-FA9D-4767-B514-481B3B8750C8}.Release|Any CPU.Build.0 = Release|Any CPU
	EndGlobalSection
	GlobalSection(SolutionProperties) = preSolution
		HideSolutionNode = FALSE
	EndGlobalSection
	GlobalSection(ExtensibilityGlobals) = postSolution
		SolutionGuid = {F313C143-FC19-47DA-9EB5-9CE914DCDE2E}
	EndGlobalSection
EndGlobal
